
Microsoft Visual Studio Solution File, Format Version 12.00
# Visual Studio Version 17
VisualStudioVersion = 17.2.32602.215
MinimumVisualStudioVersion = 10.0.40219.1
Project("{FAE04EC0-301F-11D3-BF4B-00C04F79EFBC}") = "CSLox", "CSLox\CSLox.csproj", "{9B53745E-2F66-4B73-8536-CD80C7316CBE}"
EndProject
Global
	GlobalSection(SolutionConfigurationPlatforms) = preSolution
		Debug|Any CPU = Debug|Any CPU
		Release|Any CPU = Release|Any CPU
	EndGlobalSection
	GlobalSection(ProjectConfigurationPlatforms) = postSolution
		{9B53745E-2F66-4B73-8536-CD80C7316CBE}.Debug|Any CPU.ActiveCfg = Debug|Any CPU
		{9B53745E-2F66-4B73-8536-CD80C7316CBE}.Debug|Any CPU.Build.0 = Debug|Any CPU
		{9B53745E-2F66-4B73-8536-CD80C7316CBE}.Release|Any CPU.ActiveCfg = Release|Any CPU
		{9B53745E-2F66-4B73-8536-CD80C7316CBE}.Release|Any CPU.Build.0 = Release|Any CPU
	EndGlobalSection
	GlobalSection(SolutionProperties) = preSolution
		HideSolutionNode = FALSE
	EndGlobalSection
	GlobalSection(ExtensibilityGlobals) = postSolution
		SolutionGuid = {6564AE32-F075-41D1-B446-58E5C6F04E90}
	EndGlobalSection
EndGlobal
